
Microsoft Visual Studio Solution File, Format Version 12.00
# Visual Studio Version 16
VisualStudioVersion = 16.0.30907.101
MinimumVisualStudioVersion = 10.0.40219.1
Project("{FAE04EC0-301F-11D3-BF4B-00C04F79EFBC}") = "ShortSnowFlake", "ShortSnowFlake\ShortSnowFlake.csproj", "{7D8D172E-6CDF-40BA-852F-4FB6B4825A55}"
EndProject
Global
	GlobalSection(SolutionConfigurationPlatforms) = preSolution
		Debug|Any CPU = Debug|Any CPU
		Release|Any CPU = Release|Any CPU
	EndGlobalSection
	GlobalSection(ProjectConfigurationPlatforms) = postSolution
		{7D8D172E-6CDF-40BA-852F-4FB6B4825A55}.Debug|Any CPU.ActiveCfg = Debug|Any CPU
		{7D8D172E-6CDF-40BA-852F-4FB6B4825A55}.Debug|Any CPU.Build.0 = Debug|Any CPU
		{7D8D172E-6CDF-40BA-852F-4FB6B4825A55}.Release|Any CPU.ActiveCfg = Release|Any CPU
		{7D8D172E-6CDF-40BA-852F-4FB6B4825A55}.Release|Any CPU.Build.0 = Release|Any CPU
	EndGlobalSection
	GlobalSection(SolutionProperties) = preSolution
		HideSolutionNode = FALSE
	EndGlobalSection
	GlobalSection(ExtensibilityGlobals) = postSolution
		SolutionGuid = {A01E073D-D5B6-4CA9-8929-C036EB1A2C88}
	EndGlobalSection
EndGlobal
